
Microsoft Visual Studio Solution File, Format Version 12.00
# Visual Studio Version 17
VisualStudioVersion = 17.3.32929.385
MinimumVisualStudioVersion = 10.0.40219.1
Project("{FAE04EC0-301F-11D3-BF4B-00C04F79EFBC}") = "Certification_Starting_Algor", "Certification_Starting_Algor\Certification_Starting_Algor.csproj", "{70F4F2D1-2EEC-4662-AEA3-F6F9ACFDC51C}"
EndProject
Global
	GlobalSection(SolutionConfigurationPlatforms) = preSolution
		Debug|Any CPU = Debug|Any CPU
		Release|Any CPU = Release|Any CPU
	EndGlobalSection
	GlobalSection(ProjectConfigurationPlatforms) = postSolution
		{70F4F2D1-2EEC-4662-AEA3-F6F9ACFDC51C}.Debug|Any CPU.ActiveCfg = Debug|Any CPU
		{70F4F2D1-2EEC-4662-AEA3-F6F9ACFDC51C}.Debug|Any CPU.Build.0 = Debug|Any CPU
		{70F4F2D1-2EEC-4662-AEA3-F6F9ACFDC51C}.Release|Any CPU.ActiveCfg = Release|Any CPU
		{70F4F2D1-2EEC-4662-AEA3-F6F9ACFDC51C}.Release|Any CPU.Build.0 = Release|Any CPU
	EndGlobalSection
	GlobalSection(SolutionProperties) = preSolution
		HideSolutionNode = FALSE
	EndGlobalSection
	GlobalSection(ExtensibilityGlobals) = postSolution
		SolutionGuid = {6709F781-66D0-483C-9372-5D0CB4BC0049}
	EndGlobalSection
EndGlobal
